
Microsoft Visual Studio Solution File, Format Version 12.00
# Visual Studio Version 17
VisualStudioVersion = 17.14.36603.0 d17.14
MinimumVisualStudioVersion = 10.0.40219.1
Project("{FAE04EC0-301F-11D3-BF4B-00C04F79EFBC}") = "EstructurasDeControl", "EstructurasDeControl\EstructurasDeControl.csproj", "{A986A22A-6771-4189-BD8A-3EBC9E1D1A7E}"
EndProject
Global
	GlobalSection(SolutionConfigurationPlatforms) = preSolution
		Debug|Any CPU = Debug|Any CPU
		Release|Any CPU = Release|Any CPU
	EndGlobalSection
	GlobalSection(ProjectConfigurationPlatforms) = postSolution
		{A986A22A-6771-4189-BD8A-3EBC9E1D1A7E}.Debug|Any CPU.ActiveCfg = Debug|Any CPU
		{A986A22A-6771-4189-BD8A-3EBC9E1D1A7E}.Debug|Any CPU.Build.0 = Debug|Any CPU
		{A986A22A-6771-4189-BD8A-3EBC9E1D1A7E}.Release|Any CPU.ActiveCfg = Release|Any CPU
		{A986A22A-6771-4189-BD8A-3EBC9E1D1A7E}.Release|Any CPU.Build.0 = Release|Any CPU
	EndGlobalSection
	GlobalSection(SolutionProperties) = preSolution
		HideSolutionNode = FALSE
	EndGlobalSection
	GlobalSection(ExtensibilityGlobals) = postSolution
		SolutionGuid = {605F2C95-CEFF-4932-9921-BFD657BBB16D}
	EndGlobalSection
EndGlobal
